
Microsoft Visual Studio Solution File, Format Version 12.00
# Visual Studio Version 17
VisualStudioVersion = 17.5.002.0
MinimumVisualStudioVersion = 10.0.40219.1
Project("{9A19103F-16F7-4668-BE54-9A1E7A4F7556}") = "Server", "Server\Server.csproj", "{DDBD294D-680A-4408-BA11-D0F5F2C68718}"
EndProject
Project("{9A19103F-16F7-4668-BE54-9A1E7A4F7556}") = "Client", "Client\Client.csproj", "{32B11833-DF25-4111-AF14-115127C45C27}"
EndProject
Project("{FAE04EC0-301F-11D3-BF4B-00C04F79EFBC}") = "Shared", "Shared\Shared.csproj", "{714A0FCD-C3EA-48CB-B22C-DB56598B1500}"
EndProject
Global
	GlobalSection(SolutionConfigurationPlatforms) = preSolution
		Debug|Any CPU = Debug|Any CPU
		Release|Any CPU = Release|Any CPU
	EndGlobalSection
	GlobalSection(ProjectConfigurationPlatforms) = postSolution
		{DDBD294D-680A-4408-BA11-D0F5F2C68718}.Debug|Any CPU.ActiveCfg = Debug|Any CPU
		{DDBD294D-680A-4408-BA11-D0F5F2C68718}.Debug|Any CPU.Build.0 = Debug|Any CPU
		{DDBD294D-680A-4408-BA11-D0F5F2C68718}.Release|Any CPU.ActiveCfg = Release|Any CPU
		{DDBD294D-680A-4408-BA11-D0F5F2C68718}.Release|Any CPU.Build.0 = Release|Any CPU
		{32B11833-DF25-4111-AF14-115127C45C27}.Debug|Any CPU.ActiveCfg = Debug|Any CPU
		{32B11833-DF25-4111-AF14-115127C45C27}.Debug|Any CPU.Build.0 = Debug|Any CPU
		{32B11833-DF25-4111-AF14-115127C45C27}.Release|Any CPU.ActiveCfg = Release|Any CPU
		{32B11833-DF25-4111-AF14-115127C45C27}.Release|Any CPU.Build.0 = Release|Any CPU
		{714A0FCD-C3EA-48CB-B22C-DB56598B1500}.Debug|Any CPU.ActiveCfg = Debug|Any CPU
		{714A0FCD-C3EA-48CB-B22C-DB56598B1500}.Debug|Any CPU.Build.0 = Debug|Any CPU
		{714A0FCD-C3EA-48CB-B22C-DB56598B1500}.Release|Any CPU.ActiveCfg = Release|Any CPU
		{714A0FCD-C3EA-48CB-B22C-DB56598B1500}.Release|Any CPU.Build.0 = Release|Any CPU
	EndGlobalSection
	GlobalSection(SolutionProperties) = preSolution
		HideSolutionNode = FALSE
	EndGlobalSection
	GlobalSection(ExtensibilityGlobals) = postSolution
		SolutionGuid = {9E37DF3C-8726-4A31-9A3F-BF64A539AD78}
	EndGlobalSection
EndGlobal
